<?xml version="1.0" encoding="utf-8"?>
<Project ToolsVersion="4.0" xmlns="http://schemas.microsoft.com/developer/msbuild/2003">
  <ItemGroup>
    <Filter Include="Source Files">
      <UniqueIdentifier>{4FC737F1-C7A5-4376-A066-2A32D752A2FF}</UniqueIdentifier>
      <Extensions>cpp;c;cc;cxx;def;odl;idl;hpj;bat;asm;asmx</Extensions>
    </Filter>
    <Filter Include="Header Files">
      <UniqueIdentifier>{93995380-89BD-4b04-88EB-625FBE52EBFB}</UniqueIdentifier>
      <Extensions>h;hpp;hxx;hm;inl;inc;xsd</Extensions>
    </Filter>
    <Filter Include="Resource Files">
      <UniqueIdentifier>{67DA6AB6-F800-4c08-8B7A-83BB121AAD01}</UniqueIdentifier>
      <Extensions>rc;ico;cur;bmp;dlg;rc2;rct;bin;rgs;gif;jpg;jpeg;jpe;resx;tiff;tif;png;wav;mfcribbon-ms</Extensions>
    </Filter>
  </ItemGroup>
  <ItemGroup>
    <ClCompile Include="Main.cpp">
      <Filter>Source Files</Filter>
    </ClCompile>
    <ClCompile Include="Simulation.cpp">
      <Filter>Resource Files</Filter>
    </ClCompile>
    <ClCompile Include="TrafficSimDataParser.cpp">
      <Filter>Resource Files</Filter>
    </ClCompile>
    <ClCompile Include="RoadMap.cpp">
      <Filter>Resource Files</Filter>
    </ClCompile>
    <ClCompile Include="Intersection.cpp">
      <Filter>Resource Files</Filter>
    </ClCompile>
    <ClCompile Include="Road.cpp">
      <Filter>Resource Files</Filter>
    </ClCompile>
    <ClCompile Include="Traffic_light.cpp">
      <Filter>Resource Files</Filter>
    </ClCompile>
    <ClCompile Include="Movement.cpp">
      <Filter>Resource Files</Filter>
    </ClCompile>
    <ClCompile Include="Movement_18Wheeler.cpp">
      <Filter>Resource Files</Filter>
    </ClCompile>
    <ClCompile Include="Cartype_18Wheeler.cpp">
      <Filter>Resource Files</Filter>
    </ClCompile>
    <ClCompile Include="VehicleFactory.cpp">
      <Filter>Resource Files</Filter>
    </ClCompile>
    <ClCompile Include="SimpleCarFactory.cpp">
      <Filter>Resource Files</Filter>
    </ClCompile>
    <ClCompile Include="Factory.cpp">
      <Filter>Resource Files</Filter>
    </ClCompile>
    <ClCompile Include="Cartype_LargeTruck.cpp">
      <Filter>Resource Files</Filter>
    </ClCompile>
    <ClCompile Include="Cartype_4Cylinder.cpp">
      <Filter>Resource Files</Filter>
    </ClCompile>
    <ClCompile Include="Cartype_6Cylinder.cpp">
      <Filter>Resource Files</Filter>
    </ClCompile>
    <ClCompile Include="Cartype_8Cylinder.cpp">
      <Filter>Resource Files</Filter>
    </ClCompile>
    <ClCompile Include="Movement_4Cylinder.cpp">
      <Filter>Resource Files</Filter>
    </ClCompile>
    <ClCompile Include="Movement_6Cylinder.cpp">
      <Filter>Resource Files</Filter>
    </ClCompile>
    <ClCompile Include="Movement_8Cylinder.cpp">
      <Filter>Resource Files</Filter>
    </ClCompile>
    <ClCompile Include="Movement_LargeTruck.cpp">
      <Filter>Resource Files</Filter>
    </ClCompile>
    <ClCompile Include="TrafficManager.cpp">
      <Filter>Resource Files</Filter>
    </ClCompile>
  </ItemGroup>
  <ItemGroup>
    <ClInclude Include="Intersection.h">
      <Filter>Header Files</Filter>
    </ClInclude>
    <ClInclude Include="Simulation.h">
      <Filter>Header Files</Filter>
    </ClInclude>
    <ClInclude Include="TrafficSimDataParser.h">
      <Filter>Header Files</Filter>
    </ClInclude>
    <ClInclude Include="RoadMap.h">
      <Filter>Header Files</Filter>
    </ClInclude>
    <ClInclude Include="Road.h">
      <Filter>Header Files</Filter>
    </ClInclude>
    <ClInclude Include="Traffic_light.h">
      <Filter>Header Files</Filter>
    </ClInclude>
    <ClInclude Include="Movement.h">
      <Filter>Header Files</Filter>
    </ClInclude>
    <ClInclude Include="VehicleFactory.h">
      <Filter>Header Files</Filter>
    </ClInclude>
    <ClInclude Include="Movement_18Wheeler.h">
      <Filter>Header Files</Filter>
    </ClInclude>
    <ClInclude Include="Cartype_18Wheeler.h">
      <Filter>Header Files</Filter>
    </ClInclude>
    <ClInclude Include="SimpleCarFactory.h">
      <Filter>Header Files</Filter>
    </ClInclude>
    <ClInclude Include="Factory.h">
      <Filter>Header Files</Filter>
    </ClInclude>
    <ClInclude Include="Cartype_LargeTruck.h">
      <Filter>Header Files</Filter>
    </ClInclude>
    <ClInclude Include="Cartype_4Cylinder.h">
      <Filter>Header Files</Filter>
    </ClInclude>
    <ClInclude Include="Cartype_6Cylinder.h">
      <Filter>Header Files</Filter>
    </ClInclude>
    <ClInclude Include="Cartype_8Cylinder.h">
      <Filter>Header Files</Filter>
    </ClInclude>
    <ClInclude Include="Movement_LargeTruck.h">
      <Filter>Header Files</Filter>
    </ClInclude>
    <ClInclude Include="Movement_4Cylinder.h">
      <Filter>Header Files</Filter>
    </ClInclude>
    <ClInclude Include="Movement_6Cylinder.h">
      <Filter>Header Files</Filter>
    </ClInclude>
    <ClInclude Include="Movement_8Cylinder.h">
      <Filter>Header Files</Filter>
    </ClInclude>
    <ClInclude Include="TrafficManager.h">
      <Filter>Header Files</Filter>
    </ClInclude>
  </ItemGroup>
</Project>